
Microsoft Visual Studio Solution File, Format Version 12.00
# Visual Studio 2012
Project("{FAE04EC0-301F-11D3-BF4B-00C04F79EFBC}") = "IHDRApplication", "IHDRApplication\IHDRApplication.csproj", "{296EBA20-FE7E-4859-AB1F-28624735ABE6}"
EndProject
Project("{FAE04EC0-301F-11D3-BF4B-00C04F79EFBC}") = "IHDRLib", "IHDRLib\IHDRLib.csproj", "{979FBC1F-151B-43DA-BBC3-A2044DCFF271}"
EndProject
Project("{FAE04EC0-301F-11D3-BF4B-00C04F79EFBC}") = "MNISTParserLib", "MNISTParserLib\MNISTParserLib.csproj", "{53BEE957-E550-46CA-9129-A6AA3069311D}"
EndProject
Project("{FAE04EC0-301F-11D3-BF4B-00C04F79EFBC}") = "IHDRLibTest", "IHDRLibTest\IHDRLibTest.csproj", "{D61F61E4-01AF-4EC4-B304-9D74917D9A6C}"
EndProject
Project("{FAE04EC0-301F-11D3-BF4B-00C04F79EFBC}") = "SyntheticDataGenerator", "SyntheticDataGenerator\SyntheticDataGenerator.csproj", "{F54B2AD5-1063-4415-BFA2-AC80A89961B9}"
EndProject
Global
	GlobalSection(SolutionConfigurationPlatforms) = preSolution
		Debug|Any CPU = Debug|Any CPU
		Debug|x64 = Debug|x64
		Release|Any CPU = Release|Any CPU
		Release|x64 = Release|x64
	EndGlobalSection
	GlobalSection(ProjectConfigurationPlatforms) = postSolution
		{296EBA20-FE7E-4859-AB1F-28624735ABE6}.Debug|Any CPU.ActiveCfg = Debug|Any CPU
		{296EBA20-FE7E-4859-AB1F-28624735ABE6}.Debug|Any CPU.Build.0 = Debug|Any CPU
		{296EBA20-FE7E-4859-AB1F-28624735ABE6}.Debug|x64.ActiveCfg = Debug|x64
		{296EBA20-FE7E-4859-AB1F-28624735ABE6}.Debug|x64.Build.0 = Debug|x64
		{296EBA20-FE7E-4859-AB1F-28624735ABE6}.Release|Any CPU.ActiveCfg = Release|Any CPU
		{296EBA20-FE7E-4859-AB1F-28624735ABE6}.Release|Any CPU.Build.0 = Release|Any CPU
		{296EBA20-FE7E-4859-AB1F-28624735ABE6}.Release|x64.ActiveCfg = Release|x64
		{296EBA20-FE7E-4859-AB1F-28624735ABE6}.Release|x64.Build.0 = Release|x64
		{979FBC1F-151B-43DA-BBC3-A2044DCFF271}.Debug|Any CPU.ActiveCfg = Debug|Any CPU
		{979FBC1F-151B-43DA-BBC3-A2044DCFF271}.Debug|Any CPU.Build.0 = Debug|Any CPU
		{979FBC1F-151B-43DA-BBC3-A2044DCFF271}.Debug|x64.ActiveCfg = Debug|x64
		{979FBC1F-151B-43DA-BBC3-A2044DCFF271}.Debug|x64.Build.0 = Debug|x64
		{979FBC1F-151B-43DA-BBC3-A2044DCFF271}.Release|Any CPU.ActiveCfg = Release|Any CPU
		{979FBC1F-151B-43DA-BBC3-A2044DCFF271}.Release|Any CPU.Build.0 = Release|Any CPU
		{979FBC1F-151B-43DA-BBC3-A2044DCFF271}.Release|x64.ActiveCfg = Release|x64
		{979FBC1F-151B-43DA-BBC3-A2044DCFF271}.Release|x64.Build.0 = Release|x64
		{53BEE957-E550-46CA-9129-A6AA3069311D}.Debug|Any CPU.ActiveCfg = Debug|Any CPU
		{53BEE957-E550-46CA-9129-A6AA3069311D}.Debug|Any CPU.Build.0 = Debug|Any CPU
		{53BEE957-E550-46CA-9129-A6AA3069311D}.Debug|x64.ActiveCfg = Debug|x64
		{53BEE957-E550-46CA-9129-A6AA3069311D}.Debug|x64.Build.0 = Debug|x64
		{53BEE957-E550-46CA-9129-A6AA3069311D}.Release|Any CPU.ActiveCfg = Release|Any CPU
		{53BEE957-E550-46CA-9129-A6AA3069311D}.Release|Any CPU.Build.0 = Release|Any CPU
		{53BEE957-E550-46CA-9129-A6AA3069311D}.Release|x64.ActiveCfg = Release|x64
		{53BEE957-E550-46CA-9129-A6AA3069311D}.Release|x64.Build.0 = Release|x64
		{D61F61E4-01AF-4EC4-B304-9D74917D9A6C}.Debug|Any CPU.ActiveCfg = Debug|Any CPU
		{D61F61E4-01AF-4EC4-B304-9D74917D9A6C}.Debug|Any CPU.Build.0 = Debug|Any CPU
		{D61F61E4-01AF-4EC4-B304-9D74917D9A6C}.Debug|x64.ActiveCfg = Debug|x64
		{D61F61E4-01AF-4EC4-B304-9D74917D9A6C}.Debug|x64.Build.0 = Debug|x64
		{D61F61E4-01AF-4EC4-B304-9D74917D9A6C}.Release|Any CPU.ActiveCfg = Release|Any CPU
		{D61F61E4-01AF-4EC4-B304-9D74917D9A6C}.Release|Any CPU.Build.0 = Release|Any CPU
		{D61F61E4-01AF-4EC4-B304-9D74917D9A6C}.Release|x64.ActiveCfg = Release|x64
		{D61F61E4-01AF-4EC4-B304-9D74917D9A6C}.Release|x64.Build.0 = Release|x64
		{F54B2AD5-1063-4415-BFA2-AC80A89961B9}.Debug|Any CPU.ActiveCfg = Debug|Any CPU
		{F54B2AD5-1063-4415-BFA2-AC80A89961B9}.Debug|Any CPU.Build.0 = Debug|Any CPU
		{F54B2AD5-1063-4415-BFA2-AC80A89961B9}.Debug|x64.ActiveCfg = Debug|x64
		{F54B2AD5-1063-4415-BFA2-AC80A89961B9}.Debug|x64.Build.0 = Debug|x64
		{F54B2AD5-1063-4415-BFA2-AC80A89961B9}.Release|Any CPU.ActiveCfg = Release|Any CPU
		{F54B2AD5-1063-4415-BFA2-AC80A89961B9}.Release|Any CPU.Build.0 = Release|Any CPU
		{F54B2AD5-1063-4415-BFA2-AC80A89961B9}.Release|x64.ActiveCfg = Release|x64
		{F54B2AD5-1063-4415-BFA2-AC80A89961B9}.Release|x64.Build.0 = Release|x64
	EndGlobalSection
	GlobalSection(SolutionProperties) = preSolution
		HideSolutionNode = FALSE
	EndGlobalSection
EndGlobal
